
Microsoft Visual Studio Solution File, Format Version 12.00
# Visual Studio Version 17
VisualStudioVersion = 17.0.31710.8
MinimumVisualStudioVersion = 10.0.40219.1
Project("{FAE04EC0-301F-11D3-BF4B-00C04F79EFBC}") = "Test1", "Test1\Test1.csproj", "{E91F9021-FF3C-4A27-9333-C70B0D2CACB3}"
EndProject
Global
	GlobalSection(SolutionConfigurationPlatforms) = preSolution
		Debug|Any CPU = Debug|Any CPU
		Release|Any CPU = Release|Any CPU
	EndGlobalSection
	GlobalSection(ProjectConfigurationPlatforms) = postSolution
		{E91F9021-FF3C-4A27-9333-C70B0D2CACB3}.Debug|Any CPU.ActiveCfg = Debug|Any CPU
		{E91F9021-FF3C-4A27-9333-C70B0D2CACB3}.Debug|Any CPU.Build.0 = Debug|Any CPU
		{E91F9021-FF3C-4A27-9333-C70B0D2CACB3}.Release|Any CPU.ActiveCfg = Release|Any CPU
		{E91F9021-FF3C-4A27-9333-C70B0D2CACB3}.Release|Any CPU.Build.0 = Release|Any CPU
	EndGlobalSection
	GlobalSection(SolutionProperties) = preSolution
		HideSolutionNode = FALSE
	EndGlobalSection
	GlobalSection(ExtensibilityGlobals) = postSolution
		SolutionGuid = {F57951D0-FBBD-469A-AB69-260235CD8F0D}
	EndGlobalSection
EndGlobal
